
Microsoft Visual Studio Solution File, Format Version 12.00
# Visual Studio Version 17
VisualStudioVersion = 17.5.33502.453
MinimumVisualStudioVersion = 10.0.40219.1
Project("{9A19103F-16F7-4668-BE54-9A1E7A4F7556}") = "CDB-B3", "CDB-B3.csproj", "{CEF9080F-F80D-4488-9A1A-5BA90234F897}"
EndProject
Project("{2150E333-8FDC-42A3-9474-1A3956D46DE8}") = "API", "API", "{ADB6A196-7DB2-48A0-98E9-A327DD94A1D2}"
EndProject
Project("{2150E333-8FDC-42A3-9474-1A3956D46DE8}") = "API-Tests", "API-Tests", "{E866FE1F-1E03-42D0-BBF4-07604D140B13}"
EndProject
Project("{9A19103F-16F7-4668-BE54-9A1E7A4F7556}") = "CDB-B3.Tests", "..\CDB-B3.Tests\CDB-B3.Tests.csproj", "{B37D227D-6214-41D0-B0DA-42AFC44AF77A}"
EndProject
Project("{2150E333-8FDC-42A3-9474-1A3956D46DE8}") = "Frontend", "Frontend", "{95A885B1-E85C-4D73-B84D-AFC0411607CC}"
	ProjectSection(SolutionItems) = preProject
		.gitignore = .gitignore
	EndProjectSection
EndProject
Project("{E24C65DC-7377-472B-9ABA-BC803B73C61A}") = "CBD-B3-Frontend(1)", "..\CBD-B3-Frontend\", "{8F059C45-4CB4-4841-9BC4-8455F80F1E34}"
	ProjectSection(WebsiteProperties) = preProject
		TargetFrameworkMoniker = ".NETFramework,Version%3Dv4.8"
		Debug.AspNetCompiler.VirtualPath = "/localhost_51106"
		Debug.AspNetCompiler.PhysicalPath = "..\CBD-B3-Frontend\"
		Debug.AspNetCompiler.TargetPath = "PrecompiledWeb\localhost_51106\"
		Debug.AspNetCompiler.Updateable = "true"
		Debug.AspNetCompiler.ForceOverwrite = "true"
		Debug.AspNetCompiler.FixedNames = "false"
		Debug.AspNetCompiler.Debug = "True"
		Release.AspNetCompiler.VirtualPath = "/localhost_51106"
		Release.AspNetCompiler.PhysicalPath = "..\CBD-B3-Frontend\"
		Release.AspNetCompiler.TargetPath = "PrecompiledWeb\localhost_51106\"
		Release.AspNetCompiler.Updateable = "true"
		Release.AspNetCompiler.ForceOverwrite = "true"
		Release.AspNetCompiler.FixedNames = "false"
		Release.AspNetCompiler.Debug = "False"
		VWDPort = "51106"
		SlnRelativePath = "..\CBD-B3-Frontend\"
	EndProjectSection
EndProject
Global
	GlobalSection(SolutionConfigurationPlatforms) = preSolution
		Debug|Any CPU = Debug|Any CPU
		Release|Any CPU = Release|Any CPU
	EndGlobalSection
	GlobalSection(ProjectConfigurationPlatforms) = postSolution
		{CEF9080F-F80D-4488-9A1A-5BA90234F897}.Debug|Any CPU.ActiveCfg = Debug|Any CPU
		{CEF9080F-F80D-4488-9A1A-5BA90234F897}.Debug|Any CPU.Build.0 = Debug|Any CPU
		{CEF9080F-F80D-4488-9A1A-5BA90234F897}.Release|Any CPU.ActiveCfg = Release|Any CPU
		{CEF9080F-F80D-4488-9A1A-5BA90234F897}.Release|Any CPU.Build.0 = Release|Any CPU
		{B37D227D-6214-41D0-B0DA-42AFC44AF77A}.Debug|Any CPU.ActiveCfg = Debug|Any CPU
		{B37D227D-6214-41D0-B0DA-42AFC44AF77A}.Debug|Any CPU.Build.0 = Debug|Any CPU
		{B37D227D-6214-41D0-B0DA-42AFC44AF77A}.Release|Any CPU.ActiveCfg = Release|Any CPU
		{B37D227D-6214-41D0-B0DA-42AFC44AF77A}.Release|Any CPU.Build.0 = Release|Any CPU
		{8F059C45-4CB4-4841-9BC4-8455F80F1E34}.Debug|Any CPU.ActiveCfg = Debug|Any CPU
		{8F059C45-4CB4-4841-9BC4-8455F80F1E34}.Debug|Any CPU.Build.0 = Debug|Any CPU
		{8F059C45-4CB4-4841-9BC4-8455F80F1E34}.Release|Any CPU.ActiveCfg = Debug|Any CPU
		{8F059C45-4CB4-4841-9BC4-8455F80F1E34}.Release|Any CPU.Build.0 = Debug|Any CPU
	EndGlobalSection
	GlobalSection(SolutionProperties) = preSolution
		HideSolutionNode = FALSE
	EndGlobalSection
	GlobalSection(NestedProjects) = preSolution
		{CEF9080F-F80D-4488-9A1A-5BA90234F897} = {ADB6A196-7DB2-48A0-98E9-A327DD94A1D2}
		{B37D227D-6214-41D0-B0DA-42AFC44AF77A} = {E866FE1F-1E03-42D0-BBF4-07604D140B13}
		{8F059C45-4CB4-4841-9BC4-8455F80F1E34} = {95A885B1-E85C-4D73-B84D-AFC0411607CC}
	EndGlobalSection
	GlobalSection(ExtensibilityGlobals) = postSolution
		SolutionGuid = {ED9D8075-C133-478D-B13E-A36B9A29D3F4}
	EndGlobalSection
EndGlobal
